schema: '2.0'
stages:
  collect:
    cmd: python -m src.collect
    deps:
    - path: src/collect.py
      hash: md5
      md5: b40546c014a93a815fb790c63c6d1e0e
      size: 4887
    - path: src/config.py
      hash: md5
      md5: 9e487ae55cd79a8a7582f0dfec84f671
      size: 2094
    params:
      params.yaml:
        collect:
          version: v1
          n_rows: 3000
          sources:
            v1:
            - pavelfedortsov/russian-colloquial-sft-50k
            v2:
            - pavelfedortsov/russian-colloquial-sft-50k
          n_rows_v1: 3000
          n_rows_v2: 2000
          topics:
          verify_answer_index: false
          system_prompts:
          - Ты отвечаешь на русскоязычные тестовые вопросы НМО. Дан вопрос и 
            варианты ответа с нумерацией с 0. Выбери один правильный вариант. 
            Ответь только номером варианта и текстом ответа, без объяснений.
          - Перед тобой тестовый вопрос НМО на русском языке и варианты ответа, 
            пронумерованные с нуля. Выбери единственный верный вариант и выведи 
            его номер и текст. Ничего не объясняй.
          - 'Задача: выбрать один правильный ответ на вопрос НМО. Варианты пронумерованы
            начиная с 0. В ответе — только номер и текст выбранного варианта, без
            рассуждений.'
          - 'Ты помогаешь готовиться к аккредитации НМО. Дан вопрос и пронумерованные
            с 0 варианты ответа. Назови один правильный вариант: сначала номер, затем
            его текст. Пояснений не добавляй.'
          - Отвечай на вопросы НМО по клиническим рекомендациям. Варианты ответа
            пронумерованы с 0, верный ровно один. Выведи номер верного варианта 
            и его текст — и больше ничего.
        paths.raw: data/raw.jsonl
    outs:
    - path: data/raw.jsonl
      hash: md5
      md5: cae73840f7c4eed45fe8f8b35fbf9074
      size: 2851795
    - path: metrics/collect.json
      hash: md5
      md5: 5a74ca595d49903a6f770322e22d7d06
      size: 417
  clean:
    cmd: python -m src.clean
    deps:
    - path: data/raw.jsonl
      hash: md5
      md5: cae73840f7c4eed45fe8f8b35fbf9074
      size: 2851795
    - path: src/clean.py
      hash: md5
      md5: d96adac4a10f4ea2417c60d6bed810d2
      size: 4404
    - path: src/config.py
      hash: md5
      md5: 9e487ae55cd79a8a7582f0dfec84f671
      size: 2094
    - path: src/dedup.py
      hash: md5
      md5: fde80d28430f1612c4cbb7f0fdcc1f4d
      size: 2757
    - path: src/pii.py
      hash: md5
      md5: 54de6f3690578d83cfc17094d2d2aa7a
      size: 2397
    - path: src/schema.py
      hash: md5
      md5: ad834fcb5caa483d3d5d5bfabb433cc0
      size: 3054
    - path: src/textnorm.py
      hash: md5
      md5: c7e2f072fe9cc4d2b5af76f5c360c6c0
      size: 1844
    params:
      params.yaml:
        clean:
          min_user_chars: 30
          max_user_chars: 4000
          min_assistant_chars: 2
          near_dup:
            enabled: true
            shingle_words: 4
            num_perm: 64
            threshold: 0.85
          pii:
            enabled: true
        paths.clean: data/clean.jsonl
    outs:
    - path: data/clean.jsonl
      hash: md5
      md5: 296416b45f06cd5645107afa715675f9
      size: 2844704
    - path: metrics/clean.json
      hash: md5
      md5: fcd513b9909f5a89648f489d9a3218c1
      size: 471
  diversity:
    cmd: python -m src.diversity
    deps:
    - path: data/clean.jsonl
      hash: md5
      md5: 296416b45f06cd5645107afa715675f9
      size: 2844704
    - path: src/config.py
      hash: md5
      md5: 9e487ae55cd79a8a7582f0dfec84f671
      size: 2094
    - path: src/diversity.py
      hash: md5
      md5: b4caadb86b7e1efa99861c19e33c1b62
      size: 6562
    - path: src/schema.py
      hash: md5
      md5: ad834fcb5caa483d3d5d5bfabb433cc0
      size: 3054
    - path: src/stats.py
      hash: md5
      md5: a54925032eff4769647b5775d72dd423
      size: 2222
    - path: src/textnorm.py
      hash: md5
      md5: c7e2f072fe9cc4d2b5af76f5c360c6c0
      size: 1844
    params:
      params.yaml:
        diversity:
          min_examples: 1000
          min_system_prompts: 3
          min_groups: 10
          max_group_share: 0.9
          min_answer_len_ratio: 1.6
          max_same_length_share: 0.25
          max_duplicate_answer_share: 0.3
        paths.clean: data/clean.jsonl
        split.group_key: topic
    outs:
    - path: metrics/diversity.json
      hash: md5
      md5: d73e60358533a81bde6eba46fcb5d942
      size: 673
  split:
    cmd: python -m src.split
    deps:
    - path: data/clean.jsonl
      hash: md5
      md5: 296416b45f06cd5645107afa715675f9
      size: 2844704
    - path: src/config.py
      hash: md5
      md5: 9e487ae55cd79a8a7582f0dfec84f671
      size: 2094
    - path: src/contamination.py
      hash: md5
      md5: 9293919fc5964067833313514c6f9f2b
      size: 2249
    - path: src/dedup.py
      hash: md5
      md5: fde80d28430f1612c4cbb7f0fdcc1f4d
      size: 2757
    - path: src/schema.py
      hash: md5
      md5: ad834fcb5caa483d3d5d5bfabb433cc0
      size: 3054
    - path: src/split.py
      hash: md5
      md5: 377fc8755587e9bae7892f09bb5421ac
      size: 3981
    - path: src/textnorm.py
      hash: md5
      md5: c7e2f072fe9cc4d2b5af76f5c360c6c0
      size: 1844
    params:
      params.yaml:
        contamination:
          threshold: 0.85
        paths.test: data/test.jsonl
        paths.train: data/train.jsonl
        paths.val: data/val.jsonl
        split:
          group_key: topic
          ratios:
            train: 0.8
            val: 0.1
            test: 0.1
          seed: 42
    outs:
    - path: data/test.jsonl
      hash: md5
      md5: d41d8cd98f00b204e9800998ecf8427e
      size: 0
    - path: data/train.jsonl
      hash: md5
      md5: 296416b45f06cd5645107afa715675f9
      size: 2844704
    - path: data/val.jsonl
      hash: md5
      md5: d41d8cd98f00b204e9800998ecf8427e
      size: 0
    - path: metrics/split.json
      hash: md5
      md5: dd7410abdbd6c8215b5d7bcaeed7907e
      size: 538
